
Microsoft Visual Studio Solution File, Format Version 12.00
# Visual Studio Version 17
VisualStudioVersion = 17.0.31903.59
MinimumVisualStudioVersion = 10.0.40219.1
Project("{2150E333-8FDC-42A3-9474-1A3956D46DE8}") = "docs", "docs", "{EE5D6E69-042A-4ACF-839B-0C90EF2CEC69}"
EndProject
Project("{2150E333-8FDC-42A3-9474-1A3956D46DE8}") = "src", "src", "{5600F367-5DF4-4184-AFFC-9C7CEB2E8D81}"
EndProject
Project("{2150E333-8FDC-42A3-9474-1A3956D46DE8}") = "tests", "tests", "{033AEBE9-1826-4E14-9590-B81DD17753BD}"
EndProject
Project("{2150E333-8FDC-42A3-9474-1A3956D46DE8}") = "01 Core", "01 Core", "{27270A9F-8FE4-4C21-8915-EBC8D1413BEF}"
EndProject
Project("{2150E333-8FDC-42A3-9474-1A3956D46DE8}") = "02 Infra", "02 Infra", "{5BFF9670-B94A-4583-ABD5-5AB1E906D1B2}"
EndProject
Project("{2150E333-8FDC-42A3-9474-1A3956D46DE8}") = "03 EndPoints", "03 EndPoints", "{46EF0B3A-1FD5-495F-913D-B3ECD27C229B}"
EndProject
Project("{9A19103F-16F7-4668-BE54-9A1E7A4F7556}") = "PhoneBook.Core.Domain", "01 Core\PhoneBook.Core.Domain\PhoneBook.Core.Domain.csproj", "{964E3880-EA87-426A-88B6-62A53E28D04E}"
EndProject
Project("{2150E333-8FDC-42A3-9474-1A3956D46DE8}") = "DAL", "DAL", "{0DB1854E-DC76-4C0D-B916-03F998AF87FF}"
EndProject
Project("{9A19103F-16F7-4668-BE54-9A1E7A4F7556}") = "PhoneBook.Infra.DAL.SQL", "02 Infra\DAL\PhoneBook.Infra.DAL.SQL\PhoneBook.Infra.DAL.SQL.csproj", "{88BE1C9C-A6C8-4A0B-AE86-3390A248775A}"
EndProject
Project("{9A19103F-16F7-4668-BE54-9A1E7A4F7556}") = "PhoneBook.EndPoints.WebApi", "03 EndPoints\PhoneBook.EndPoints.WebApi\PhoneBook.EndPoints.WebApi.csproj", "{CB4E754F-B786-498F-8CA6-CA189C165813}"
EndProject
Project("{9A19103F-16F7-4668-BE54-9A1E7A4F7556}") = "PhoneBook.Core.ApplicationService", "01 Core\PhoneBook.Core.ApplicationService\PhoneBook.Core.ApplicationService.csproj", "{2964B144-2FFD-46F1-A9A1-6E2AA1E211D1}"
EndProject
Project("{FAE04EC0-301F-11D3-BF4B-00C04F79EFBC}") = "PhoneBook.Infra.CommonServices", "02 Infra\PhoneBook.Infra.CommonServices\PhoneBook.Infra.CommonServices.csproj", "{3083767D-D28C-4D94-9836-E81DAFD810D2}"
EndProject
Global
	GlobalSection(SolutionConfigurationPlatforms) = preSolution
		Debug|Any CPU = Debug|Any CPU
		Release|Any CPU = Release|Any CPU
	EndGlobalSection
	GlobalSection(ProjectConfigurationPlatforms) = postSolution
		{964E3880-EA87-426A-88B6-62A53E28D04E}.Debug|Any CPU.ActiveCfg = Debug|Any CPU
		{964E3880-EA87-426A-88B6-62A53E28D04E}.Debug|Any CPU.Build.0 = Debug|Any CPU
		{964E3880-EA87-426A-88B6-62A53E28D04E}.Release|Any CPU.ActiveCfg = Release|Any CPU
		{964E3880-EA87-426A-88B6-62A53E28D04E}.Release|Any CPU.Build.0 = Release|Any CPU
		{88BE1C9C-A6C8-4A0B-AE86-3390A248775A}.Debug|Any CPU.ActiveCfg = Debug|Any CPU
		{88BE1C9C-A6C8-4A0B-AE86-3390A248775A}.Debug|Any CPU.Build.0 = Debug|Any CPU
		{88BE1C9C-A6C8-4A0B-AE86-3390A248775A}.Release|Any CPU.ActiveCfg = Release|Any CPU
		{88BE1C9C-A6C8-4A0B-AE86-3390A248775A}.Release|Any CPU.Build.0 = Release|Any CPU
		{CB4E754F-B786-498F-8CA6-CA189C165813}.Debug|Any CPU.ActiveCfg = Debug|Any CPU
		{CB4E754F-B786-498F-8CA6-CA189C165813}.Debug|Any CPU.Build.0 = Debug|Any CPU
		{CB4E754F-B786-498F-8CA6-CA189C165813}.Release|Any CPU.ActiveCfg = Release|Any CPU
		{CB4E754F-B786-498F-8CA6-CA189C165813}.Release|Any CPU.Build.0 = Release|Any CPU
		{2964B144-2FFD-46F1-A9A1-6E2AA1E211D1}.Debug|Any CPU.ActiveCfg = Debug|Any CPU
		{2964B144-2FFD-46F1-A9A1-6E2AA1E211D1}.Debug|Any CPU.Build.0 = Debug|Any CPU
		{2964B144-2FFD-46F1-A9A1-6E2AA1E211D1}.Release|Any CPU.ActiveCfg = Release|Any CPU
		{2964B144-2FFD-46F1-A9A1-6E2AA1E211D1}.Release|Any CPU.Build.0 = Release|Any CPU
		{3083767D-D28C-4D94-9836-E81DAFD810D2}.Debug|Any CPU.ActiveCfg = Debug|Any CPU
		{3083767D-D28C-4D94-9836-E81DAFD810D2}.Debug|Any CPU.Build.0 = Debug|Any CPU
		{3083767D-D28C-4D94-9836-E81DAFD810D2}.Release|Any CPU.ActiveCfg = Release|Any CPU
		{3083767D-D28C-4D94-9836-E81DAFD810D2}.Release|Any CPU.Build.0 = Release|Any CPU
	EndGlobalSection
	GlobalSection(SolutionProperties) = preSolution
		HideSolutionNode = FALSE
	EndGlobalSection
	GlobalSection(NestedProjects) = preSolution
		{27270A9F-8FE4-4C21-8915-EBC8D1413BEF} = {5600F367-5DF4-4184-AFFC-9C7CEB2E8D81}
		{5BFF9670-B94A-4583-ABD5-5AB1E906D1B2} = {5600F367-5DF4-4184-AFFC-9C7CEB2E8D81}
		{46EF0B3A-1FD5-495F-913D-B3ECD27C229B} = {5600F367-5DF4-4184-AFFC-9C7CEB2E8D81}
		{964E3880-EA87-426A-88B6-62A53E28D04E} = {27270A9F-8FE4-4C21-8915-EBC8D1413BEF}
		{0DB1854E-DC76-4C0D-B916-03F998AF87FF} = {5BFF9670-B94A-4583-ABD5-5AB1E906D1B2}
		{88BE1C9C-A6C8-4A0B-AE86-3390A248775A} = {0DB1854E-DC76-4C0D-B916-03F998AF87FF}
		{CB4E754F-B786-498F-8CA6-CA189C165813} = {46EF0B3A-1FD5-495F-913D-B3ECD27C229B}
		{2964B144-2FFD-46F1-A9A1-6E2AA1E211D1} = {27270A9F-8FE4-4C21-8915-EBC8D1413BEF}
		{3083767D-D28C-4D94-9836-E81DAFD810D2} = {5BFF9670-B94A-4583-ABD5-5AB1E906D1B2}
	EndGlobalSection
	GlobalSection(ExtensibilityGlobals) = postSolution
		SolutionGuid = {B83DFE4D-DA47-4716-8F65-5DC9F14686FE}
	EndGlobalSection
EndGlobal
